{
  "name": "rxjs",
  "version": "1.0.0",
  "lockfileVersion": 2,
  "requires": true,
  "packages": {
    "": {
      "name": "rxjs",
      "version": "1.0.0",
      "license": "ISC",
      "dependencies": {
        "@reactivex/rxjs": "^6.6.7",
        "rxjs": "^7.5.6"
      }
    },
    "node_modules/@reactivex/rxjs": {
      "version": "6.6.7",
      "resolved": "https://registry.npmjs.org/@reactivex/rxjs/-/rxjs-6.6.7.tgz",
      "integrity": "sha512-xZIV2JgHhWoVPm3uVcFbZDRVJfx2hgqmuTX7J4MuKaZ+j5jN29agniCPBwrlCmpA15/zLKcPi7/bogt0ZwOFyA==",
      "dependencies": {
        "tslib": "^1.9.0"
      },
      "engines": {
        "npm": ">=2.0.0"
      }
    },
    "node_modules/rxjs": {
      "version": "7.5.6",
      "resolved": "https://registry.npmjs.org/rxjs/-/rxjs-7.5.6.tgz",
      "integrity": "sha512-dnyv2/YsXhnm461G+R/Pe5bWP41Nm6LBXEYWI6eiFP4fiwx6WRI/CD0zbdVAudd9xwLEF2IDcKXLHit0FYjUzw==",
      "dependencies": {
        "tslib": "^2.1.0"
      }
    },
    "node_modules/rxjs/node_modules/tslib": {
      "version": "2.4.0",
      "resolved": "https://registry.npmjs.org/tslib/-/tslib-2.4.0.tgz",
      "integrity": "sha512-d6xOpEDfsi2CZVlPQzGeux8XMwLT9hssAsaPYExaQMuYskwb+x1x7J371tWlbBdWHroy99KnVB6qIkUbs5X3UQ=="
    },
    "node_modules/tslib": {
      "version": "1.14.1",
      "resolved": "https://registry.npmjs.org/tslib/-/tslib-1.14.1.tgz",
      "integrity": "sha512-Xni35NKzjgMrwevysHTCArtLDpPvye8zV/0E4EyYn43P7/7qvQwPh9BGkHewbMulVntbigmcT7rdX3BNo9wRJg=="
    }
  },
  "dependencies": {
    "@reactivex/rxjs": {
      "version": "6.6.7",
      "resolved": "https://registry.npmjs.org/@reactivex/rxjs/-/rxjs-6.6.7.tgz",
      "integrity": "sha512-xZIV2JgHhWoVPm3uVcFbZDRVJfx2hgqmuTX7J4MuKaZ+j5jN29agniCPBwrlCmpA15/zLKcPi7/bogt0ZwOFyA==",
      "requires": {
        "tslib": "^1.9.0"
      }
    },
    "rxjs": {
      "version": "7.5.6",
      "resolved": "https://registry.npmjs.org/rxjs/-/rxjs-7.5.6.tgz",
      "integrity": "sha512-dnyv2/YsXhnm461G+R/Pe5bWP41Nm6LBXEYWI6eiFP4fiwx6WRI/CD0zbdVAudd9xwLEF2IDcKXLHit0FYjUzw==",
      "requires": {
        "tslib": "^2.1.0"
      },
      "dependencies": {
        "tslib": {
          "version": "2.4.0",
          "resolved": "https://registry.npmjs.org/tslib/-/tslib-2.4.0.tgz",
          "integrity": "sha512-d6xOpEDfsi2CZVlPQzGeux8XMwLT9hssAsaPYExaQMuYskwb+x1x7J371tWlbBdWHroy99KnVB6qIkUbs5X3UQ=="
        }
      }
    },
    "tslib": {
      "version": "1.14.1",
      "resolved": "https://registry.npmjs.org/tslib/-/tslib-1.14.1.tgz",
      "integrity": "sha512-Xni35NKzjgMrwevysHTCArtLDpPvye8zV/0E4EyYn43P7/7qvQwPh9BGkHewbMulVntbigmcT7rdX3BNo9wRJg=="
    }
  }
}
